// !$*UTF8*$!
{
	archiveVersion = 1;
	classes = {
	};
	objectVersion = 48;
	objects = {

/* Begin PBXBuildFile section */
		0AE0AC9F3BEFCCD6AA666E0C /* Pods_Todoey.framework in Frameworks */ = {isa = PBXBuildFile; fileRef = 2E2A88AA4DD48298F06D7175 /* Pods_Todoey.framework */; };
		527D809A201BA7AE00DB1C01 /* CategoryViewController.swift in Sources */ = {isa = PBXBuildFile; fileRef = 527D8099201BA7AE00DB1C01 /* CategoryViewController.swift */; };
		5294C2982012C4E2008C28A1 /* AppDelegate.swift in Sources */ = {isa = PBXBuildFile; fileRef = 5294C2972012C4E2008C28A1 /* AppDelegate.swift */; };
		5294C29A2012C4E2008C28A1 /* TodoListViewController.swift in Sources */ = {isa = PBXBuildFile; fileRef = 5294C2992012C4E2008C28A1 /* TodoListViewController.swift */; };
		5294C29D2012C4E2008C28A1 /* Main.storyboard in Resources */ = {isa = PBXBuildFile; fileRef = 5294C29B2012C4E2008C28A1 /* Main.storyboard */; };
		5294C29F2012C4E2008C28A1 /* Assets.xcassets in Resources */ = {isa = PBXBuildFile; fileRef = 5294C29E2012C4E2008C28A1 /* Assets.xcassets */; };
		5294C2A22012C4E2008C28A1 /* LaunchScreen.storyboard in Resources */ = {isa = PBXBuildFile; fileRef = 5294C2A02012C4E2008C28A1 /* LaunchScreen.storyboard */; };
		52BCD345201D3890004C2AA0 /* Item.swift in Sources */ = {isa = PBXBuildFile; fileRef = 52BCD344201D3890004C2AA0 /* Item.swift */; };
		52BCD347201D38CF004C2AA0 /* Category.swift in Sources */ = {isa = PBXBuildFile; fileRef = 52BCD346201D38CF004C2AA0 /* Category.swift */; };
/* End PBXBuildFile section */

/* Begin PBXFileReference section */
		2E2A88AA4DD48298F06D7175 /* Pods_Todoey.framework */ = {isa = PBXFileReference; explicitFileType = wrapper.framework; includeInIndex = 0; path = Pods_Todoey.framework; sourceTree = BUILT_PRODUCTS_DIR; };
		523C191F2016CB4F00856A30 /* Info.plist */ = {isa = PBXFileReference; fileEncoding = 4; lastKnownFileType = text.plist.xml; name = Info.plist; path = Todoey/Info.plist; sourceTree = "<group>"; };
		527D8099201BA7AE00DB1C01 /* CategoryViewController.swift */ = {isa = PBXFileReference; lastKnownFileType = sourcecode.swift; path = CategoryViewController.swift; sourceTree = "<group>"; };
		5294C2942012C4E2008C28A1 /* Todoey.app */ = {isa = PBXFileReference; explicitFileType = wrapper.application; includeInIndex = 0; path = Todoey.app; sourceTree = BUILT_PRODUCTS_DIR; };
		5294C2972012C4E2008C28A1 /* AppDelegate.swift */ = {isa = PBXFileReference; lastKnownFileType = sourcecode.swift; path = AppDelegate.swift; sourceTree = "<group>"; };
		5294C2992012C4E2008C28A1 /* TodoListViewController.swift */ = {isa = PBXFileReference; lastKnownFileType = sourcecode.swift; path = TodoListViewController.swift; sourceTree = "<group>"; };
		5294C29C2012C4E2008C28A1 /* Base */ = {isa = PBXFileReference; lastKnownFileType = file.storyboard; name = Base; path = Base.lproj/Main.storyboard; sourceTree = "<group>"; };
		5294C29E2012C4E2008C28A1 /* Assets.xcassets */ = {isa = PBXFileReference; lastKnownFileType = folder.assetcatalog; path = Assets.xcassets; sourceTree = "<group>"; };
		5294C2A12012C4E2008C28A1 /* Base */ = {isa = PBXFileReference; lastKnownFileType = file.storyboard; name = Base; path = Base.lproj/LaunchScreen.storyboard; sourceTree = "<group>"; };
		52BCD344201D3890004C2AA0 /* Item.swift */ = {isa = PBXFileReference; lastKnownFileType = sourcecode.swift; path = Item.swift; sourceTree = "<group>"; };
		52BCD346201D38CF004C2AA0 /* Category.swift */ = {isa = PBXFileReference; lastKnownFileType = sourcecode.swift; path = Category.swift; sourceTree = "<group>"; };
		7FD612F372D706B52F04B07D /* Pods-Todoey.debug.xcconfig */ = {isa = PBXFileReference; includeInIndex = 1; lastKnownFileType = text.xcconfig; name = "Pods-Todoey.debug.xcconfig"; path = "Pods/Target Support Files/Pods-Todoey/Pods-Todoey.debug.xcconfig"; sourceTree = "<group>"; };
		8CD6351A339B9FB0C424C524 /* Pods-Todoey.release.xcconfig */ = {isa = PBXFileReference; includeInIndex = 1; lastKnownFileType = text.xcconfig; name = "Pods-Todoey.release.xcconfig"; path = "Pods/Target Support Files/Pods-Todoey/Pods-Todoey.release.xcconfig"; sourceTree = "<group>"; };
/* End PBXFileReference section */

/* Begin PBXFrameworksBuildPhase section */
		5294C2912012C4E2008C28A1 /* Frameworks */ = {
			isa = PBXFrameworksBuildPhase;
			buildActionMask = 2147483647;
			files = (
				0AE0AC9F3BEFCCD6AA666E0C /* Pods_Todoey.framework in Frameworks */,
			);
			runOnlyForDeploymentPostprocessing = 0;
		};
/* End PBXFrameworksBuildPhase section */

/* Begin PBXGroup section */
		2A919621C0205BD8B704A4A0 /* Pods */ = {
			isa = PBXGroup;
			children = (
				7FD612F372D706B52F04B07D /* Pods-Todoey.debug.xcconfig */,
				8CD6351A339B9FB0C424C524 /* Pods-Todoey.release.xcconfig */,
			);
			name = Pods;
			sourceTree = "<group>";
		};
		5294C28B2012C4E2008C28A1 = {
			isa = PBXGroup;
			children = (
				5294C2962012C4E2008C28A1 /* Todoey */,
				5294C29E2012C4E2008C28A1 /* Assets.xcassets */,
				523C191F2016CB4F00856A30 /* Info.plist */,
				5294C2952012C4E2008C28A1 /* Products */,
				2A919621C0205BD8B704A4A0 /* Pods */,
				F14C48539C573B660994C19F /* Frameworks */,
			);
			sourceTree = "<group>";
		};
		5294C2952012C4E2008C28A1 /* Products */ = {
			isa = PBXGroup;
			children = (
				5294C2942012C4E2008C28A1 /* Todoey.app */,
			);
			name = Products;
			sourceTree = "<group>";
		};
		5294C2962012C4E2008C28A1 /* Todoey */ = {
			isa = PBXGroup;
			children = (
				5294C2972012C4E2008C28A1 /* AppDelegate.swift */,
				5294C2AB2016C614008C28A1 /* Controllers */,
				5294C2A92016C602008C28A1 /* Model */,
				5294C2AA2016C60E008C28A1 /* Views */,
			);
			path = Todoey;
			sourceTree = "<group>";
		};
		5294C2A92016C602008C28A1 /* Model */ = {
			isa = PBXGroup;
			children = (
				52BCD346201D38CF004C2AA0 /* Category.swift */,
				52BCD344201D3890004C2AA0 /* Item.swift */,
			);
			path = Model;
			sourceTree = "<group>";
		};
		5294C2AA2016C60E008C28A1 /* Views */ = {
			isa = PBXGroup;
			children = (
				5294C2A02012C4E2008C28A1 /* LaunchScreen.storyboard */,
				5294C29B2012C4E2008C28A1 /* Main.storyboard */,
			);
			path = Views;
			sourceTree = "<group>";
		};
		5294C2AB2016C614008C28A1 /* Controllers */ = {
			isa = PBXGroup;
			children = (
				527D8099201BA7AE00DB1C01 /* CategoryViewController.swift */,
				5294C2992012C4E2008C28A1 /* TodoListViewController.swift */,
			);
			path = Controllers;
			sourceTree = "<group>";
		};
		F14C48539C573B660994C19F /* Frameworks */ = {
			isa = PBXGroup;
			children = (
				2E2A88AA4DD48298F06D7175 /* Pods_Todoey.framework */,
			);
			name = Frameworks;
			sourceTree = "<group>";
		};
/* End PBXGroup section */

/* Begin PBXNativeTarget section */
		5294C2932012C4E2008C28A1 /* Todoey */ = {
			isa = PBXNativeTarget;
			buildConfigurationList = 5294C2A62012C4E2008C28A1 /* Build configuration list for PBXNativeTarget "Todoey" */;
			buildPhases = (
				3628713A9D4300FC5383FD0C /* [CP] Check Pods Manifest.lock */,
				5294C2902012C4E2008C28A1 /* Sources */,
				5294C2912012C4E2008C28A1 /* Frameworks */,
				5294C2922012C4E2008C28A1 /* Resources */,
				E14F7ABEB31307B77C20BE0E /* [CP] Embed Pods Frameworks */,
				D9DD4CB4A79CF8099FB43A01 /* [CP] Copy Pods Resources */,
			);
			buildRules = (
			);
			dependencies = (
			);
			name = Todoey;
			productName = Todoey;
			productReference = 5294C2942012C4E2008C28A1 /* Todoey.app */;
			productType = "com.apple.product-type.application";
		};
/* End PBXNativeTarget section */

/* Begin PBXProject section */
		5294C28C2012C4E2008C28A1 /* Project object */ = {
			isa = PBXProject;
			attributes = {
				LastSwiftUpdateCheck = 0920;
				LastUpgradeCheck = 0920;
				ORGANIZATIONNAME = "Salah Issa";
				TargetAttributes = {
					5294C2932012C4E2008C28A1 = {
						CreatedOnToolsVersion = 9.2;
						ProvisioningStyle = Automatic;
					};
				};
			};
			buildConfigurationList = 5294C28F2012C4E2008C28A1 /* Build configuration list for PBXProject "Todoey" */;
			compatibilityVersion = "Xcode 8.0";
			developmentRegion = en;
			hasScannedForEncodings = 0;
			knownRegions = (
				en,
				Base,
			);
			mainGroup = 5294C28B2012C4E2008C28A1;
			productRefGroup = 5294C2952012C4E2008C28A1 /* Products */;
			projectDirPath = "";
			projectRoot = "";
			targets = (
				5294C2932012C4E2008C28A1 /* Todoey */,
			);
		};
/* End PBXProject section */

/* Begin PBXResourcesBuildPhase section */
		5294C2922012C4E2008C28A1 /* Resources */ = {
			isa = PBXResourcesBuildPhase;
			buildActionMask = 2147483647;
			files = (
				5294C2A22012C4E2008C28A1 /* LaunchScreen.storyboard in Resources */,
				5294C29F2012C4E2008C28A1 /* Assets.xcassets in Resources */,
				5294C29D2012C4E2008C28A1 /* Main.storyboard in Resources */,
			);
			runOnlyForDeploymentPostprocessing = 0;
		};
/* End PBXResourcesBuildPhase section */

/* Begin PBXShellScriptBuildPhase section */
		3628713A9D4300FC5383FD0C /* [CP] Check Pods Manifest.lock */ = {
			isa = PBXShellScriptBuildPhase;
			buildActionMask = 2147483647;
			files = (
			);
			inputPaths = (
				"${PODS_PODFILE_DIR_PATH}/Podfile.lock",
				"${PODS_ROOT}/Manifest.lock",
			);
			name = "[CP] Check Pods Manifest.lock";
			outputPaths = (
				"$(DERIVED_FILE_DIR)/Pods-Todoey-checkManifestLockResult.txt",
			);
			runOnlyForDeploymentPostprocessing = 0;
			shellPath = /bin/sh;
			shellScript = "diff \"${PODS_PODFILE_DIR_PATH}/Podfile.lock\" \"${PODS_ROOT}/Manifest.lock\" > /dev/null\nif [ $? != 0 ] ; then\n    # print error to STDERR\n    echo \"error: The sandbox is not in sync with the Podfile.lock. Run 'pod install' or update your CocoaPods installation.\" >&2\n    exit 1\nfi\n# This output is used by Xcode 'outputs' to avoid re-running this script phase.\necho \"SUCCESS\" > \"${SCRIPT_OUTPUT_FILE_0}\"\n";
			showEnvVarsInLog = 0;
		};
		D9DD4CB4A79CF8099FB43A01 /* [CP] Copy Pods Resources */ = {
			isa = PBXShellScriptBuildPhase;
			buildActionMask = 2147483647;
			files = (
			);
			inputPaths = (
			);
			name = "[CP] Copy Pods Resources";
			outputPaths = (
			);
			runOnlyForDeploymentPostprocessing = 0;
			shellPath = /bin/sh;
			shellScript = "\"${SRCROOT}/Pods/Target Support Files/Pods-Todoey/Pods-Todoey-resources.sh\"\n";
			showEnvVarsInLog = 0;
		};
		E14F7ABEB31307B77C20BE0E /* [CP] Embed Pods Frameworks */ = {
			isa = PBXShellScriptBuildPhase;
			buildActionMask = 2147483647;
			files = (
			);
			inputPaths = (
				"${SRCROOT}/Pods/Target Support Files/Pods-Todoey/Pods-Todoey-frameworks.sh",
				"${BUILT_PRODUCTS_DIR}/Realm/Realm.framework",
				"${BUILT_PRODUCTS_DIR}/RealmSwift/RealmSwift.framework",
			);
			name = "[CP] Embed Pods Frameworks";
			outputPaths = (
				"${TARGET_BUILD_DIR}/${FRAMEWORKS_FOLDER_PATH}/Realm.framework",
				"${TARGET_BUILD_DIR}/${FRAMEWORKS_FOLDER_PATH}/RealmSwift.framework",
			);
			runOnlyForDeploymentPostprocessing = 0;
			shellPath = /bin/sh;
			shellScript = "\"${SRCROOT}/Pods/Target Support Files/Pods-Todoey/Pods-Todoey-frameworks.sh\"\n";
			showEnvVarsInLog = 0;
		};
/* End PBXShellScriptBuildPhase section */

/* Begin PBXSourcesBuildPhase section */
		5294C2902012C4E2008C28A1 /* Sources */ = {
			isa = PBXSourcesBuildPhase;
			buildActionMask = 2147483647;
			files = (
				52BCD345201D3890004C2AA0 /* Item.swift in Sources */,
				527D809A201BA7AE00DB1C01 /* CategoryViewController.swift in Sources */,
				5294C29A2012C4E2008C28A1 /* TodoListViewController.swift in Sources */,
				5294C2982012C4E2008C28A1 /* AppDelegate.swift in Sources */,
				52BCD347201D38CF004C2AA0 /* Category.swift in Sources */,
			);
			runOnlyForDeploymentPostprocessing = 0;
		};
/* End PBXSourcesBuildPhase section */

/* Begin PBXVariantGroup section */
		5294C29B2012C4E2008C28A1 /* Main.storyboard */ = {
			isa = PBXVariantGroup;
			children = (
				5294C29C2012C4E2008C28A1 /* Base */,
			);
			name = Main.storyboard;
			sourceTree = "<group>";
		};
		5294C2A02012C4E2008C28A1 /* LaunchScreen.storyboard */ = {
			isa = PBXVariantGroup;
			children = (
				5294C2A12012C4E2008C28A1 /* Base */,
			);
			name = LaunchScreen.storyboard;
			sourceTree = "<group>";
		};
/* End PBXVariantGroup section */

/* Begin XCBuildConfiguration section */
		5294C2A42012C4E2008C28A1 /* Debug */ = {
			isa = XCBuildConfiguration;
			buildSettings = {
				ALWAYS_SEARCH_USER_PATHS = NO;
				CLANG_ANALYZER_NONNULL = YES;
				CLANG_ANALYZER_NUMBER_OBJECT_CONVERSION = YES_AGGRESSIVE;
				CLANG_CXX_LANGUAGE_STANDARD = "gnu++14";
				CLANG_CXX_LIBRARY = "libc++";
				CLANG_ENABLE_MODULES = YES;
				CLANG_ENABLE_OBJC_ARC = YES;
				CLANG_WARN_BLOCK_CAPTURE_AUTORELEASING = YES;
				CLANG_WARN_BOOL_CONVERSION = YES;
				CLANG_WARN_COMMA = YES;
				CLANG_WARN_CONSTANT_CONVERSION = YES;
				CLANG_WARN_DIRECT_OBJC_ISA_USAGE = YES_ERROR;
				CLANG_WARN_DOCUMENTATION_COMMENTS = YES;
				CLANG_WARN_EMPTY_BODY = YES;
				CLANG_WARN_ENUM_CONVERSION = YES;
				CLANG_WARN_INFINITE_RECURSION = YES;
				CLANG_WARN_INT_CONVERSION = YES;
				CLANG_WARN_NON_LITERAL_NULL_CONVERSION = YES;
				CLANG_WARN_OBJC_LITERAL_CONVERSION = YES;
				CLANG_WARN_OBJC_ROOT_CLASS = YES_ERROR;
				CLANG_WARN_RANGE_LOOP_ANALYSIS = YES;
				CLANG_WARN_STRICT_PROTOTYPES = YES;
				CLANG_WARN_SUSPICIOUS_MOVE = YES;
				CLANG_WARN_UNGUARDED_AVAILABILITY = YES_AGGRESSIVE;
				CLANG_WARN_UNREACHABLE_CODE = YES;
				CLANG_WARN__DUPLICATE_METHOD_MATCH = YES;
				CODE_SIGN_IDENTITY = "iPhone Developer";
				COPY_PHASE_STRIP = NO;
				DEBUG_INFORMATION_FORMAT = dwarf;
				ENABLE_STRICT_OBJC_MSGSEND = YES;
				ENABLE_TESTABILITY = YES;
				GCC_C_LANGUAGE_STANDARD = gnu11;
				GCC_DYNAMIC_NO_PIC = NO;
				GCC_NO_COMMON_BLOCKS = YES;
				GCC_OPTIMIZATION_LEVEL = 0;
				GCC_PREPROCESSOR_DEFINITIONS = (
					"DEBUG=1",
					"$(inherited)",
				);
				GCC_WARN_64_TO_32_BIT_CONVERSION = YES;
				GCC_WARN_ABOUT_RETURN_TYPE = YES_ERROR;
				GCC_WARN_UNDECLARED_SELECTOR = YES;
				GCC_WARN_UNINITIALIZED_AUTOS = YES_AGGRESSIVE;
				GCC_WARN_UNUSED_FUNCTION = YES;
				GCC_WARN_UNUSED_VARIABLE = YES;
				IPHONEOS_DEPLOYMENT_TARGET = 11.2;
				MTL_ENABLE_DEBUG_INFO = YES;
				ONLY_ACTIVE_ARCH = YES;
				SDKROOT = iphoneos;
				SWIFT_ACTIVE_COMPILATION_CONDITIONS = DEBUG;
				SWIFT_OPTIMIZATION_LEVEL = "-Onone";
			};
			name = Debug;
		};
		5294C2A52012C4E2008C28A1 /* Release */ = {
			isa = XCBuildConfiguration;
			buildSettings = {
				ALWAYS_SEARCH_USER_PATHS = NO;
				CLANG_ANALYZER_NONNULL = YES;
				CLANG_ANALYZER_NUMBER_OBJECT_CONVERSION = YES_AGGRESSIVE;
				CLANG_CXX_LANGUAGE_STANDARD = "gnu++14";
				CLANG_CXX_LIBRARY = "libc++";
				CLANG_ENABLE_MODULES = YES;
				CLANG_ENABLE_OBJC_ARC = YES;
				CLANG_WARN_BLOCK_CAPTURE_AUTORELEASING = YES;
				CLANG_WARN_BOOL_CONVERSION = YES;
				CLANG_WARN_COMMA = YES;
				CLANG_WARN_CONSTANT_CONVERSION = YES;
				CLANG_WARN_DIRECT_OBJC_ISA_USAGE = YES_ERROR;
				CLANG_WARN_DOCUMENTATION_COMMENTS = YES;
				CLANG_WARN_EMPTY_BODY = YES;
				CLANG_WARN_ENUM_CONVERSION = YES;
				CLANG_WARN_INFINITE_RECURSION = YES;
				CLANG_WARN_INT_CONVERSION = YES;
				CLANG_WARN_NON_LITERAL_NULL_CONVERSION = YES;
				CLANG_WARN_OBJC_LITERAL_CONVERSION = YES;
				CLANG_WARN_OBJC_ROOT_CLASS = YES_ERROR;
				CLANG_WARN_RANGE_LOOP_ANALYSIS = YES;
				CLANG_WARN_STRICT_PROTOTYPES = YES;
				CLANG_WARN_SUSPICIOUS_MOVE = YES;
				CLANG_WARN_UNGUARDED_AVAILABILITY = YES_AGGRESSIVE;
				CLANG_WARN_UNREACHABLE_CODE = YES;
				CLANG_WARN__DUPLICATE_METHOD_MATCH = YES;
				CODE_SIGN_IDENTITY = "iPhone Developer";
				COPY_PHASE_STRIP = NO;
				DEBUG_INFORMATION_FORMAT = "dwarf-with-dsym";
				ENABLE_NS_ASSERTIONS = NO;
				ENABLE_STRICT_OBJC_MSGSEND = YES;
				GCC_C_LANGUAGE_STANDARD = gnu11;
				GCC_NO_COMMON_BLOCKS = YES;
				GCC_WARN_64_TO_32_BIT_CONVERSION = YES;
				GCC_WARN_ABOUT_RETURN_TYPE = YES_ERROR;
				GCC_WARN_UNDECLARED_SELECTOR = YES;
				GCC_WARN_UNINITIALIZED_AUTOS = YES_AGGRESSIVE;
				GCC_WARN_UNUSED_FUNCTION = YES;
				GCC_WARN_UNUSED_VARIABLE = YES;
				IPHONEOS_DEPLOYMENT_TARGET = 11.2;
				MTL_ENABLE_DEBUG_INFO = NO;
				SDKROOT = iphoneos;
				SWIFT_OPTIMIZATION_LEVEL = "-Owholemodule";
				VALIDATE_PRODUCT = YES;
			};
			name = Release;
		};
		5294C2A72012C4E2008C28A1 /* Debug */ = {
			isa = XCBuildConfiguration;
			baseConfigurationReference = 7FD612F372D706B52F04B07D /* Pods-Todoey.debug.xcconfig */;
			buildSettings = {
				ASSETCATALOG_COMPILER_APPICON_NAME = AppIcon;
				CODE_SIGN_STYLE = Automatic;
				DEVELOPMENT_TEAM = F6H9K57CQG;
				INFOPLIST_FILE = Todoey/Info.plist;
				LD_RUNPATH_SEARCH_PATHS = "$(inherited) @executable_path/Frameworks";
				PRODUCT_BUNDLE_IDENTIFIER = com.SalahIssa.Todoey;
				PRODUCT_NAME = "$(TARGET_NAME)";
				SWIFT_VERSION = 4.0;
				TARGETED_DEVICE_FAMILY = "1,2";
			};
			name = Debug;
		};
		5294C2A82012C4E2008C28A1 /* Release */ = {
			isa = XCBuildConfiguration;
			baseConfigurationReference = 8CD6351A339B9FB0C424C524 /* Pods-Todoey.release.xcconfig */;
			buildSettings = {
				ASSETCATALOG_COMPILER_APPICON_NAME = AppIcon;
				CODE_SIGN_STYLE = Automatic;
				DEVELOPMENT_TEAM = F6H9K57CQG;
				INFOPLIST_FILE = Todoey/Info.plist;
				LD_RUNPATH_SEARCH_PATHS = "$(inherited) @executable_path/Frameworks";
				PRODUCT_BUNDLE_IDENTIFIER = com.SalahIssa.Todoey;
				PRODUCT_NAME = "$(TARGET_NAME)";
				SWIFT_VERSION = 4.0;
				TARGETED_DEVICE_FAMILY = "1,2";
			};
			name = Release;
		};
/* End XCBuildConfiguration section */

/* Begin XCConfigurationList section */
		5294C28F2012C4E2008C28A1 /* Build configuration list for PBXProject "Todoey" */ = {
			isa = XCConfigurationList;
			buildConfigurations = (
				5294C2A42012C4E2008C28A1 /* Debug */,
				5294C2A52012C4E2008C28A1 /* Release */,
			);
			defaultConfigurationIsVisible = 0;
			defaultConfigurationName = Release;
		};
		5294C2A62012C4E2008C28A1 /* Build configuration list for PBXNativeTarget "Todoey" */ = {
			isa = XCConfigurationList;
			buildConfigurations = (
				5294C2A72012C4E2008C28A1 /* Debug */,
				5294C2A82012C4E2008C28A1 /* Release */,
			);
			defaultConfigurationIsVisible = 0;
			defaultConfigurationName = Release;
		};
/* End XCConfigurationList section */
	};
	rootObject = 5294C28C2012C4E2008C28A1 /* Project object */;
}
